
Microsoft Visual Studio Solution File, Format Version 12.00
Project("{FAE04EC0-301F-11D3-BF4B-00C04F79EFBC}") = "TypeId.Core", "TypeId.Core\TypeId.Core.csproj", "{EB1955A2-D8AD-405A-BD92-FD30C8217C13}"
EndProject
Project("{FAE04EC0-301F-11D3-BF4B-00C04F79EFBC}") = "TypeId.Tests", "TypeId.Tests\TypeId.Tests.csproj", "{87B18719-CB5B-494B-9009-C825FF2B3984}"
EndProject
Project("{FAE04EC0-301F-11D3-BF4B-00C04F79EFBC}") = "TypeId.Benchmarks", "TypeId.Benchmarks\TypeId.Benchmarks.csproj", "{6B112FAC-0310-448C-8654-BE41A7FC39CC}"
EndProject
Global
	GlobalSection(SolutionConfigurationPlatforms) = preSolution
		Debug|Any CPU = Debug|Any CPU
		Release|Any CPU = Release|Any CPU
	EndGlobalSection
	GlobalSection(ProjectConfigurationPlatforms) = postSolution
		{EB1955A2-D8AD-405A-BD92-FD30C8217C13}.Debug|Any CPU.ActiveCfg = Debug|Any CPU
		{EB1955A2-D8AD-405A-BD92-FD30C8217C13}.Debug|Any CPU.Build.0 = Debug|Any CPU
		{EB1955A2-D8AD-405A-BD92-FD30C8217C13}.Release|Any CPU.ActiveCfg = Release|Any CPU
		{EB1955A2-D8AD-405A-BD92-FD30C8217C13}.Release|Any CPU.Build.0 = Release|Any CPU
		{87B18719-CB5B-494B-9009-C825FF2B3984}.Debug|Any CPU.ActiveCfg = Debug|Any CPU
		{87B18719-CB5B-494B-9009-C825FF2B3984}.Debug|Any CPU.Build.0 = Debug|Any CPU
		{87B18719-CB5B-494B-9009-C825FF2B3984}.Release|Any CPU.ActiveCfg = Release|Any CPU
		{87B18719-CB5B-494B-9009-C825FF2B3984}.Release|Any CPU.Build.0 = Release|Any CPU
		{6B112FAC-0310-448C-8654-BE41A7FC39CC}.Debug|Any CPU.ActiveCfg = Debug|Any CPU
		{6B112FAC-0310-448C-8654-BE41A7FC39CC}.Debug|Any CPU.Build.0 = Debug|Any CPU
		{6B112FAC-0310-448C-8654-BE41A7FC39CC}.Release|Any CPU.ActiveCfg = Release|Any CPU
		{6B112FAC-0310-448C-8654-BE41A7FC39CC}.Release|Any CPU.Build.0 = Release|Any CPU
	EndGlobalSection
EndGlobal
